
Microsoft Visual Studio Solution File, Format Version 12.00
# Visual Studio Version 17
VisualStudioVersion = 17.12.35527.113
MinimumVisualStudioVersion = 10.0.40219.1
Project("{FAE04EC0-301F-11D3-BF4B-00C04F79EFBC}") = "StreetviewCyclistClient", "StreetviewCyclistClient.csproj", "{23A344C8-0AEC-4537-875F-047F6B55EECE}"
EndProject
Project("{FAE04EC0-301F-11D3-BF4B-00C04F79EFBC}") = "Project2", "..\Project2\Project2.csproj", "{0F33A65C-E335-4602-A169-DEB490617300}"
EndProject
Global
	GlobalSection(SolutionConfigurationPlatforms) = preSolution
		Debug|Any CPU = Debug|Any CPU
		Release|Any CPU = Release|Any CPU
	EndGlobalSection
	GlobalSection(ProjectConfigurationPlatforms) = postSolution
		{23A344C8-0AEC-4537-875F-047F6B55EECE}.Debug|Any CPU.ActiveCfg = Debug|Any CPU
		{23A344C8-0AEC-4537-875F-047F6B55EECE}.Debug|Any CPU.Build.0 = Debug|Any CPU
		{23A344C8-0AEC-4537-875F-047F6B55EECE}.Debug|Any CPU.Deploy.0 = Debug|Any CPU
		{23A344C8-0AEC-4537-875F-047F6B55EECE}.Release|Any CPU.ActiveCfg = Release|Any CPU
		{23A344C8-0AEC-4537-875F-047F6B55EECE}.Release|Any CPU.Build.0 = Release|Any CPU
		{23A344C8-0AEC-4537-875F-047F6B55EECE}.Release|Any CPU.Deploy.0 = Release|Any CPU
		{0F33A65C-E335-4602-A169-DEB490617300}.Debug|Any CPU.ActiveCfg = Debug|Any CPU
		{0F33A65C-E335-4602-A169-DEB490617300}.Debug|Any CPU.Build.0 = Debug|Any CPU
		{0F33A65C-E335-4602-A169-DEB490617300}.Debug|Any CPU.Deploy.0 = Debug|Any CPU
		{0F33A65C-E335-4602-A169-DEB490617300}.Release|Any CPU.ActiveCfg = Release|Any CPU
		{0F33A65C-E335-4602-A169-DEB490617300}.Release|Any CPU.Build.0 = Release|Any CPU
		{0F33A65C-E335-4602-A169-DEB490617300}.Release|Any CPU.Deploy.0 = Release|Any CPU
	EndGlobalSection
	GlobalSection(SolutionProperties) = preSolution
		HideSolutionNode = FALSE
	EndGlobalSection
EndGlobal
